PODS:
  - Flutter (1.0.0)
  - talkingdata_appanalytics_plugin (0.0.1):
    - Flutter

DEPENDENCIES:
  - Flutter (from `.symlinks/flutter/ios`)
  - talkingdata_appanalytics_plugin (from `.symlinks/plugins/talkingdata_appanalytics_plugin/ios`)

EXTERNAL SOURCES:
  Flutter:
    :path: ".symlinks/flutter/ios"
  talkingdata_appanalytics_plugin:
    :path: ".symlinks/plugins/talkingdata_appanalytics_plugin/ios"

SPEC CHECKSUMS:
  Flutter: 58dd7d1b27887414a370fcccb9e645c08ffd7a6a
  talkingdata_appanalytics_plugin: 5e46f0292206686e34814936c58d14ff893d43ac

PODFILE CHECKSUM: aff02bfeed411c636180d6812254b2daeea14d09

COCOAPODS: 1.7.1
